
Microsoft Visual Studio Solution File, Format Version 12.00
# Visual Studio Version 16
VisualStudioVersion = 16.0.29020.237
MinimumVisualStudioVersion = 10.0.40219.1
Project("{FAE04EC0-301F-11D3-BF4B-00C04F79EFBC}") = "STARC.Android", "STARC\STARC.Android\STARC.Android.csproj", "{30404124-4D90-4566-BCAC-D70BB13E962D}"
EndProject
Project("{FAE04EC0-301F-11D3-BF4B-00C04F79EFBC}") = "STARC.iOS", "STARC\STARC.iOS\STARC.iOS.csproj", "{3725099D-EAC9-4899-80A7-B80659BCC947}"
EndProject
Project("{FAE04EC0-301F-11D3-BF4B-00C04F79EFBC}") = "STARC", "STARC\STARC\STARC.csproj", "{40A3D4A1-6533-4F43-BAA0-1EA59D6CC88D}"
EndProject
Global
	GlobalSection(SolutionConfigurationPlatforms) = preSolution
		Debug|Any CPU = Debug|Any CPU
		Debug|iPhone = Debug|iPhone
		Debug|iPhoneSimulator = Debug|iPhoneSimulator
		Release|Any CPU = Release|Any CPU
		Release|iPhone = Release|iPhone
		Release|iPhoneSimulator = Release|iPhoneSimulator
	EndGlobalSection
	GlobalSection(ProjectConfigurationPlatforms) = postSolution
		{30404124-4D90-4566-BCAC-D70BB13E962D}.Debug|Any CPU.ActiveCfg = Debug|Any CPU
		{30404124-4D90-4566-BCAC-D70BB13E962D}.Debug|Any CPU.Build.0 = Debug|Any CPU
		{30404124-4D90-4566-BCAC-D70BB13E962D}.Debug|Any CPU.Deploy.0 = Debug|Any CPU
		{30404124-4D90-4566-BCAC-D70BB13E962D}.Debug|iPhone.ActiveCfg = Debug|Any CPU
		{30404124-4D90-4566-BCAC-D70BB13E962D}.Debug|iPhone.Build.0 = Debug|Any CPU
		{30404124-4D90-4566-BCAC-D70BB13E962D}.Debug|iPhone.Deploy.0 = Debug|Any CPU
		{30404124-4D90-4566-BCAC-D70BB13E962D}.Debug|iPhoneSimulator.ActiveCfg = Debug|Any CPU
		{30404124-4D90-4566-BCAC-D70BB13E962D}.Debug|iPhoneSimulator.Build.0 = Debug|Any CPU
		{30404124-4D90-4566-BCAC-D70BB13E962D}.Debug|iPhoneSimulator.Deploy.0 = Debug|Any CPU
		{30404124-4D90-4566-BCAC-D70BB13E962D}.Release|Any CPU.ActiveCfg = Release|Any CPU
		{30404124-4D90-4566-BCAC-D70BB13E962D}.Release|Any CPU.Build.0 = Release|Any CPU
		{30404124-4D90-4566-BCAC-D70BB13E962D}.Release|Any CPU.Deploy.0 = Release|Any CPU
		{30404124-4D90-4566-BCAC-D70BB13E962D}.Release|iPhone.ActiveCfg = Release|Any CPU
		{30404124-4D90-4566-BCAC-D70BB13E962D}.Release|iPhone.Build.0 = Release|Any CPU
		{30404124-4D90-4566-BCAC-D70BB13E962D}.Release|iPhone.Deploy.0 = Release|Any CPU
		{30404124-4D90-4566-BCAC-D70BB13E962D}.Release|iPhoneSimulator.ActiveCfg = Release|Any CPU
		{30404124-4D90-4566-BCAC-D70BB13E962D}.Release|iPhoneSimulator.Build.0 = Release|Any CPU
		{30404124-4D90-4566-BCAC-D70BB13E962D}.Release|iPhoneSimulator.Deploy.0 = Release|Any CPU
		{3725099D-EAC9-4899-80A7-B80659BCC947}.Debug|Any CPU.ActiveCfg = Debug|iPhoneSimulator
		{3725099D-EAC9-4899-80A7-B80659BCC947}.Debug|Any CPU.Build.0 = Debug|iPhoneSimulator
		{3725099D-EAC9-4899-80A7-B80659BCC947}.Debug|Any CPU.Deploy.0 = Debug|iPhoneSimulator
		{3725099D-EAC9-4899-80A7-B80659BCC947}.Debug|iPhone.ActiveCfg = Debug|iPhone
		{3725099D-EAC9-4899-80A7-B80659BCC947}.Debug|iPhone.Build.0 = Debug|iPhone
		{3725099D-EAC9-4899-80A7-B80659BCC947}.Debug|iPhone.Deploy.0 = Debug|iPhone
		{3725099D-EAC9-4899-80A7-B80659BCC947}.Debug|iPhoneSimulator.ActiveCfg = Debug|iPhoneSimulator
		{3725099D-EAC9-4899-80A7-B80659BCC947}.Debug|iPhoneSimulator.Build.0 = Debug|iPhoneSimulator
		{3725099D-EAC9-4899-80A7-B80659BCC947}.Debug|iPhoneSimulator.Deploy.0 = Debug|iPhoneSimulator
		{3725099D-EAC9-4899-80A7-B80659BCC947}.Release|Any CPU.ActiveCfg = Release|iPhone
		{3725099D-EAC9-4899-80A7-B80659BCC947}.Release|Any CPU.Build.0 = Release|iPhone
		{3725099D-EAC9-4899-80A7-B80659BCC947}.Release|Any CPU.Deploy.0 = Release|iPhone
		{3725099D-EAC9-4899-80A7-B80659BCC947}.Release|iPhone.ActiveCfg = Release|iPhone
		{3725099D-EAC9-4899-80A7-B80659BCC947}.Release|iPhone.Build.0 = Release|iPhone
		{3725099D-EAC9-4899-80A7-B80659BCC947}.Release|iPhone.Deploy.0 = Release|iPhone
		{3725099D-EAC9-4899-80A7-B80659BCC947}.Release|iPhoneSimulator.ActiveCfg = Release|iPhoneSimulator
		{3725099D-EAC9-4899-80A7-B80659BCC947}.Release|iPhoneSimulator.Build.0 = Release|iPhoneSimulator
		{3725099D-EAC9-4899-80A7-B80659BCC947}.Release|iPhoneSimulator.Deploy.0 = Release|iPhoneSimulator
		{40A3D4A1-6533-4F43-BAA0-1EA59D6CC88D}.Debug|Any CPU.ActiveCfg = Debug|Any CPU
		{40A3D4A1-6533-4F43-BAA0-1EA59D6CC88D}.Debug|Any CPU.Build.0 = Debug|Any CPU
		{40A3D4A1-6533-4F43-BAA0-1EA59D6CC88D}.Debug|Any CPU.Deploy.0 = Debug|Any CPU
		{40A3D4A1-6533-4F43-BAA0-1EA59D6CC88D}.Debug|iPhone.ActiveCfg = Debug|Any CPU
		{40A3D4A1-6533-4F43-BAA0-1EA59D6CC88D}.Debug|iPhone.Build.0 = Debug|Any CPU
		{40A3D4A1-6533-4F43-BAA0-1EA59D6CC88D}.Debug|iPhone.Deploy.0 = Debug|Any CPU
		{40A3D4A1-6533-4F43-BAA0-1EA59D6CC88D}.Debug|iPhoneSimulator.ActiveCfg = Debug|Any CPU
		{40A3D4A1-6533-4F43-BAA0-1EA59D6CC88D}.Debug|iPhoneSimulator.Build.0 = Debug|Any CPU
		{40A3D4A1-6533-4F43-BAA0-1EA59D6CC88D}.Debug|iPhoneSimulator.Deploy.0 = Debug|Any CPU
		{40A3D4A1-6533-4F43-BAA0-1EA59D6CC88D}.Release|Any CPU.ActiveCfg = Release|Any CPU
		{40A3D4A1-6533-4F43-BAA0-1EA59D6CC88D}.Release|Any CPU.Build.0 = Release|Any CPU
		{40A3D4A1-6533-4F43-BAA0-1EA59D6CC88D}.Release|Any CPU.Deploy.0 = Release|Any CPU
		{40A3D4A1-6533-4F43-BAA0-1EA59D6CC88D}.Release|iPhone.ActiveCfg = Release|Any CPU
		{40A3D4A1-6533-4F43-BAA0-1EA59D6CC88D}.Release|iPhone.Build.0 = Release|Any CPU
		{40A3D4A1-6533-4F43-BAA0-1EA59D6CC88D}.Release|iPhone.Deploy.0 = Release|Any CPU
		{40A3D4A1-6533-4F43-BAA0-1EA59D6CC88D}.Release|iPhoneSimulator.ActiveCfg = Release|Any CPU
		{40A3D4A1-6533-4F43-BAA0-1EA59D6CC88D}.Release|iPhoneSimulator.Build.0 = Release|Any CPU
		{40A3D4A1-6533-4F43-BAA0-1EA59D6CC88D}.Release|iPhoneSimulator.Deploy.0 = Release|Any CPU
	EndGlobalSection
	GlobalSection(SolutionProperties) = preSolution
		HideSolutionNode = FALSE
	EndGlobalSection
	GlobalSection(ExtensibilityGlobals) = postSolution
		SolutionGuid = {BFB03BE2-B8C4-4DE9-BA11-567F3F77EA9A}
	EndGlobalSection
EndGlobal
